// !$*UTF8*$!
{
	archiveVersion = 1;
	classes = {
	};
	objectVersion = 56;
	objects = {

/* Begin PBXBuildFile section */
		F109B548294B759D00107BB0 /* Persistence.swift in Sources */ = {isa = PBXBuildFile; fileRef = F109B547294B759D00107BB0 /* Persistence.swift */; };
		F109B54A294B768300107BB0 /* SwiftUIView.swift in Sources */ = {isa = PBXBuildFile; fileRef = F109B549294B768300107BB0 /* SwiftUIView.swift */; };
		F13291C429B6CA96005E0E20 /* Employee info.swift in Sources */ = {isa = PBXBuildFile; fileRef = F13291C329B6CA96005E0E20 /* Employee info.swift */; };
		F1DA64EB29B0E60F0018F0F6 /* FirebaseAppCheck in Frameworks */ = {isa = PBXBuildFile; productRef = F1DA64EA29B0E60F0018F0F6 /* FirebaseAppCheck */; };
		F1DA64ED29B0E60F0018F0F6 /* FirebaseAuth in Frameworks */ = {isa = PBXBuildFile; productRef = F1DA64EC29B0E60F0018F0F6 /* FirebaseAuth */; };
		F1DA64EF29B0E60F0018F0F6 /* FirebaseAuthCombine-Community in Frameworks */ = {isa = PBXBuildFile; productRef = F1DA64EE29B0E60F0018F0F6 /* FirebaseAuthCombine-Community */; };
		F1DA64F129B0E60F0018F0F6 /* FirebaseCrashlytics in Frameworks */ = {isa = PBXBuildFile; productRef = F1DA64F029B0E60F0018F0F6 /* FirebaseCrashlytics */; };
		F1DA64F329B0E60F0018F0F6 /* FirebaseDatabase in Frameworks */ = {isa = PBXBuildFile; productRef = F1DA64F229B0E60F0018F0F6 /* FirebaseDatabase */; };
		F1DA64F529B0E60F0018F0F6 /* FirebaseDatabaseSwift in Frameworks */ = {isa = PBXBuildFile; productRef = F1DA64F429B0E60F0018F0F6 /* FirebaseDatabaseSwift */; };
		F1DA64F729B0E60F0018F0F6 /* FirebaseDynamicLinks in Frameworks */ = {isa = PBXBuildFile; productRef = F1DA64F629B0E60F0018F0F6 /* FirebaseDynamicLinks */; };
		F1DA64F929B0E60F0018F0F6 /* FirebaseFirestore in Frameworks */ = {isa = PBXBuildFile; productRef = F1DA64F829B0E60F0018F0F6 /* FirebaseFirestore */; };
		F1DA64FB29B0E60F0018F0F6 /* FirebaseFirestoreCombine-Community in Frameworks */ = {isa = PBXBuildFile; productRef = F1DA64FA29B0E60F0018F0F6 /* FirebaseFirestoreCombine-Community */; };
		F1DA64FD29B0E60F0018F0F6 /* FirebaseFirestoreSwift in Frameworks */ = {isa = PBXBuildFile; productRef = F1DA64FC29B0E60F0018F0F6 /* FirebaseFirestoreSwift */; };
		F1DA64FF29B0E60F0018F0F6 /* FirebaseFunctionsCombine-Community in Frameworks */ = {isa = PBXBuildFile; productRef = F1DA64FE29B0E60F0018F0F6 /* FirebaseFunctionsCombine-Community */; };
		F1DA650129B0E60F0018F0F6 /* FirebaseInAppMessaging-Beta in Frameworks */ = {isa = PBXBuildFile; productRef = F1DA650029B0E60F0018F0F6 /* FirebaseInAppMessaging-Beta */; };
		F1DA650329B0E60F0018F0F6 /* FirebaseInAppMessagingSwift-Beta in Frameworks */ = {isa = PBXBuildFile; productRef = F1DA650229B0E60F0018F0F6 /* FirebaseInAppMessagingSwift-Beta */; };
		F1DA650529B0E60F0018F0F6 /* FirebaseMessaging in Frameworks */ = {isa = PBXBuildFile; productRef = F1DA650429B0E60F0018F0F6 /* FirebaseMessaging */; };
		F1DA650729B0E60F0018F0F6 /* FirebasePerformance in Frameworks */ = {isa = PBXBuildFile; productRef = F1DA650629B0E60F0018F0F6 /* FirebasePerformance */; };
		F1DA650929B0E60F0018F0F6 /* FirebaseRemoteConfig in Frameworks */ = {isa = PBXBuildFile; productRef = F1DA650829B0E60F0018F0F6 /* FirebaseRemoteConfig */; };
		F1DA650B29B0E60F0018F0F6 /* FirebaseRemoteConfigSwift in Frameworks */ = {isa = PBXBuildFile; productRef = F1DA650A29B0E60F0018F0F6 /* FirebaseRemoteConfigSwift */; };
		F1DA650D29B0E60F0018F0F6 /* FirebaseStorage in Frameworks */ = {isa = PBXBuildFile; productRef = F1DA650C29B0E60F0018F0F6 /* FirebaseStorage */; };
		F1DA650F29B0E60F0018F0F6 /* FirebaseStorageCombine-Community in Frameworks */ = {isa = PBXBuildFile; productRef = F1DA650E29B0E60F0018F0F6 /* FirebaseStorageCombine-Community */; };
		F1DA651529B0E7D80018F0F6 /* GoogleService-Info.plist in Resources */ = {isa = PBXBuildFile; fileRef = F1DA651429B0E7D80018F0F6 /* GoogleService-Info.plist */; };
		F1DB6CDD29423BDC0000A3DD /* TaskitApp.swift in Sources */ = {isa = PBXBuildFile; fileRef = F1DB6CDC29423BDC0000A3DD /* TaskitApp.swift */; };
		F1DB6CE129423BDD0000A3DD /* Assets.xcassets in Resources */ = {isa = PBXBuildFile; fileRef = F1DB6CE029423BDD0000A3DD /* Assets.xcassets */; };
		F1DB6CE429423BDD0000A3DD /* Preview Assets.xcassets in Resources */ = {isa = PBXBuildFile; fileRef = F1DB6CE329423BDD0000A3DD /* Preview Assets.xcassets */; };
		F1DB6CE929423BDD0000A3DD /* Taskit.xcdatamodeld in Sources */ = {isa = PBXBuildFile; fileRef = F1DB6CE729423BDD0000A3DD /* Taskit.xcdatamodeld */; };
/* End PBXBuildFile section */

/* Begin PBXFileReference section */
		F109B547294B759D00107BB0 /* Persistence.swift */ = {isa = PBXFileReference; fileEncoding = 4; lastKnownFileType = sourcecode.swift; path = Persistence.swift; sourceTree = "<group>"; };
		F109B549294B768300107BB0 /* SwiftUIView.swift */ = {isa = PBXFileReference; lastKnownFileType = sourcecode.swift; path = SwiftUIView.swift; sourceTree = "<group>"; };
		F13291C329B6CA96005E0E20 /* Employee info.swift */ = {isa = PBXFileReference; lastKnownFileType = sourcecode.swift; path = "Employee info.swift"; sourceTree = "<group>"; };
		F1DA651429B0E7D80018F0F6 /* GoogleService-Info.plist */ = {isa = PBXFileReference; fileEncoding = 4; lastKnownFileType = text.plist.xml; name = "GoogleService-Info.plist"; path = "../../../Desktop/GoogleService-Info.plist"; sourceTree = "<group>"; };
		F1DB6CD929423BDC0000A3DD /* Taskit.app */ = {isa = PBXFileReference; explicitFileType = wrapper.application; includeInIndex = 0; path = Taskit.app; sourceTree = BUILT_PRODUCTS_DIR; };
		F1DB6CDC29423BDC0000A3DD /* TaskitApp.swift */ = {isa = PBXFileReference; lastKnownFileType = sourcecode.swift; path = TaskitApp.swift; sourceTree = "<group>"; };
		F1DB6CE029423BDD0000A3DD /* Assets.xcassets */ = {isa = PBXFileReference; lastKnownFileType = folder.assetcatalog; path = Assets.xcassets; sourceTree = "<group>"; };
		F1DB6CE329423BDD0000A3DD /* Preview Assets.xcassets */ = {isa = PBXFileReference; lastKnownFileType = folder.assetcatalog; path = "Preview Assets.xcassets"; sourceTree = "<group>"; };
		F1DB6CE829423BDD0000A3DD /* Taskit.xcdatamodel */ = {isa = PBXFileReference; lastKnownFileType = wrapper.xcdatamodel; path = Taskit.xcdatamodel; sourceTree = "<group>"; };
/* End PBXFileReference section */

/* Begin PBXFrameworksBuildPhase section */
		F1DB6CD629423BDC0000A3DD /* Frameworks */ = {
			isa = PBXFrameworksBuildPhase;
			buildActionMask = 2147483647;
			files = (
				F1DA64F529B0E60F0018F0F6 /* FirebaseDatabaseSwift in Frameworks */,
				F1DA64F329B0E60F0018F0F6 /* FirebaseDatabase in Frameworks */,
				F1DA650729B0E60F0018F0F6 /* FirebasePerformance in Frameworks */,
				F1DA650529B0E60F0018F0F6 /* FirebaseMessaging in Frameworks */,
				F1DA64EB29B0E60F0018F0F6 /* FirebaseAppCheck in Frameworks */,
				F1DA64FB29B0E60F0018F0F6 /* FirebaseFirestoreCombine-Community in Frameworks */,
				F1DA650F29B0E60F0018F0F6 /* FirebaseStorageCombine-Community in Frameworks */,
				F1DA64F129B0E60F0018F0F6 /* FirebaseCrashlytics in Frameworks */,
				F1DA650929B0E60F0018F0F6 /* FirebaseRemoteConfig in Frameworks */,
				F1DA64FD29B0E60F0018F0F6 /* FirebaseFirestoreSwift in Frameworks */,
				F1DA650B29B0E60F0018F0F6 /* FirebaseRemoteConfigSwift in Frameworks */,
				F1DA64EF29B0E60F0018F0F6 /* FirebaseAuthCombine-Community in Frameworks */,
				F1DA650D29B0E60F0018F0F6 /* FirebaseStorage in Frameworks */,
				F1DA64F929B0E60F0018F0F6 /* FirebaseFirestore in Frameworks */,
				F1DA650329B0E60F0018F0F6 /* FirebaseInAppMessagingSwift-Beta in Frameworks */,
				F1DA64F729B0E60F0018F0F6 /* FirebaseDynamicLinks in Frameworks */,
				F1DA64FF29B0E60F0018F0F6 /* FirebaseFunctionsCombine-Community in Frameworks */,
				F1DA64ED29B0E60F0018F0F6 /* FirebaseAuth in Frameworks */,
				F1DA650129B0E60F0018F0F6 /* FirebaseInAppMessaging-Beta in Frameworks */,
			);
			runOnlyForDeploymentPostprocessing = 0;
		};
/* End PBXFrameworksBuildPhase section */

/* Begin PBXGroup section */
		F13291C229B6CA45005E0E20 /* Employee_Info */ = {
			isa = PBXGroup;
			children = (
				F13291C329B6CA96005E0E20 /* Employee info.swift */,
			);
			path = Employee_Info;
			sourceTree = "<group>";
		};
		F1DB6CD029423BDC0000A3DD = {
			isa = PBXGroup;
			children = (
				F1DB6CDB29423BDC0000A3DD /* Taskit */,
				F1DB6CDA29423BDC0000A3DD /* Products */,
			);
			sourceTree = "<group>";
		};
		F1DB6CDA29423BDC0000A3DD /* Products */ = {
			isa = PBXGroup;
			children = (
				F1DB6CD929423BDC0000A3DD /* Taskit.app */,
			);
			name = Products;
			sourceTree = "<group>";
		};
		F1DB6CDB29423BDC0000A3DD /* Taskit */ = {
			isa = PBXGroup;
			children = (
				F13291C229B6CA45005E0E20 /* Employee_Info */,
				F1DA651429B0E7D80018F0F6 /* GoogleService-Info.plist */,
				F109B547294B759D00107BB0 /* Persistence.swift */,
				F1DB6CDC29423BDC0000A3DD /* TaskitApp.swift */,
				F1DB6CE029423BDD0000A3DD /* Assets.xcassets */,
				F1DB6CE729423BDD0000A3DD /* Taskit.xcdatamodeld */,
				F1DB6CE229423BDD0000A3DD /* Preview Content */,
				F109B549294B768300107BB0 /* SwiftUIView.swift */,
			);
			path = Taskit;
			sourceTree = "<group>";
		};
		F1DB6CE229423BDD0000A3DD /* Preview Content */ = {
			isa = PBXGroup;
			children = (
				F1DB6CE329423BDD0000A3DD /* Preview Assets.xcassets */,
			);
			path = "Preview Content";
			sourceTree = "<group>";
		};
/* End PBXGroup section */

/* Begin PBXNativeTarget section */
		F1DB6CD829423BDC0000A3DD /* Taskit */ = {
			isa = PBXNativeTarget;
			buildConfigurationList = F1DB6CEC29423BDD0000A3DD /* Build configuration list for PBXNativeTarget "Taskit" */;
			buildPhases = (
				F1DB6CD529423BDC0000A3DD /* Sources */,
				F1DB6CD629423BDC0000A3DD /* Frameworks */,
				F1DB6CD729423BDC0000A3DD /* Resources */,
			);
			buildRules = (
			);
			dependencies = (
			);
			name = Taskit;
			packageProductDependencies = (
				F1DA64EA29B0E60F0018F0F6 /* FirebaseAppCheck */,
				F1DA64EC29B0E60F0018F0F6 /* FirebaseAuth */,
				F1DA64EE29B0E60F0018F0F6 /* FirebaseAuthCombine-Community */,
				F1DA64F029B0E60F0018F0F6 /* FirebaseCrashlytics */,
				F1DA64F229B0E60F0018F0F6 /* FirebaseDatabase */,
				F1DA64F429B0E60F0018F0F6 /* FirebaseDatabaseSwift */,
				F1DA64F629B0E60F0018F0F6 /* FirebaseDynamicLinks */,
				F1DA64F829B0E60F0018F0F6 /* FirebaseFirestore */,
				F1DA64FA29B0E60F0018F0F6 /* FirebaseFirestoreCombine-Community */,
				F1DA64FC29B0E60F0018F0F6 /* FirebaseFirestoreSwift */,
				F1DA64FE29B0E60F0018F0F6 /* FirebaseFunctionsCombine-Community */,
				F1DA650029B0E60F0018F0F6 /* FirebaseInAppMessaging-Beta */,
				F1DA650229B0E60F0018F0F6 /* FirebaseInAppMessagingSwift-Beta */,
				F1DA650429B0E60F0018F0F6 /* FirebaseMessaging */,
				F1DA650629B0E60F0018F0F6 /* FirebasePerformance */,
				F1DA650829B0E60F0018F0F6 /* FirebaseRemoteConfig */,
				F1DA650A29B0E60F0018F0F6 /* FirebaseRemoteConfigSwift */,
				F1DA650C29B0E60F0018F0F6 /* FirebaseStorage */,
				F1DA650E29B0E60F0018F0F6 /* FirebaseStorageCombine-Community */,
			);
			productName = Taskit;
			productReference = F1DB6CD929423BDC0000A3DD /* Taskit.app */;
			productType = "com.apple.product-type.application";
		};
/* End PBXNativeTarget section */

/* Begin PBXProject section */
		F1DB6CD129423BDC0000A3DD /* Project object */ = {
			isa = PBXProject;
			attributes = {
				BuildIndependentTargetsInParallel = 1;
				LastSwiftUpdateCheck = 1410;
				LastUpgradeCheck = 1410;
				TargetAttributes = {
					F1DB6CD829423BDC0000A3DD = {
						CreatedOnToolsVersion = 14.1;
					};
				};
			};
			buildConfigurationList = F1DB6CD429423BDC0000A3DD /* Build configuration list for PBXProject "Taskit" */;
			compatibilityVersion = "Xcode 14.0";
			developmentRegion = en;
			hasScannedForEncodings = 0;
			knownRegions = (
				en,
				Base,
			);
			mainGroup = F1DB6CD029423BDC0000A3DD;
			packageReferences = (
				F1DA64E929B0E60F0018F0F6 /* XCRemoteSwiftPackageReference "firebase-ios-sdk" */,
			);
			productRefGroup = F1DB6CDA29423BDC0000A3DD /* Products */;
			projectDirPath = "";
			projectRoot = "";
			targets = (
				F1DB6CD829423BDC0000A3DD /* Taskit */,
			);
		};
/* End PBXProject section */

/* Begin PBXResourcesBuildPhase section */
		F1DB6CD729423BDC0000A3DD /* Resources */ = {
			isa = PBXResourcesBuildPhase;
			buildActionMask = 2147483647;
			files = (
				F1DB6CE429423BDD0000A3DD /* Preview Assets.xcassets in Resources */,
				F1DB6CE129423BDD0000A3DD /* Assets.xcassets in Resources */,
				F1DA651529B0E7D80018F0F6 /* GoogleService-Info.plist in Resources */,
			);
			runOnlyForDeploymentPostprocessing = 0;
		};
/* End PBXResourcesBuildPhase section */

/* Begin PBXSourcesBuildPhase section */
		F1DB6CD529423BDC0000A3DD /* Sources */ = {
			isa = PBXSourcesBuildPhase;
			buildActionMask = 2147483647;
			files = (
				F109B548294B759D00107BB0 /* Persistence.swift in Sources */,
				F1DB6CDD29423BDC0000A3DD /* TaskitApp.swift in Sources */,
				F13291C429B6CA96005E0E20 /* Employee info.swift in Sources */,
				F1DB6CE929423BDD0000A3DD /* Taskit.xcdatamodeld in Sources */,
				F109B54A294B768300107BB0 /* SwiftUIView.swift in Sources */,
			);
			runOnlyForDeploymentPostprocessing = 0;
		};
/* End PBXSourcesBuildPhase section */

/* Begin XCBuildConfiguration section */
		F1DB6CEA29423BDD0000A3DD /* Debug */ = {
			isa = XCBuildConfiguration;
			buildSettings = {
				ALWAYS_SEARCH_USER_PATHS = NO;
				CLANG_ANALYZER_NONNULL = YES;
				CLANG_ANALYZER_NUMBER_OBJECT_CONVERSION = YES_AGGRESSIVE;
				CLANG_CXX_LANGUAGE_STANDARD = "gnu++20";
				CLANG_ENABLE_MODULES = YES;
				CLANG_ENABLE_OBJC_ARC = YES;
				CLANG_ENABLE_OBJC_WEAK = YES;
				CLANG_WARN_BLOCK_CAPTURE_AUTORELEASING = YES;
				CLANG_WARN_BOOL_CONVERSION = YES;
				CLANG_WARN_COMMA = YES;
				CLANG_WARN_CONSTANT_CONVERSION = YES;
				CLANG_WARN_DEPRECATED_OBJC_IMPLEMENTATIONS = YES;
				CLANG_WARN_DIRECT_OBJC_ISA_USAGE = YES_ERROR;
				CLANG_WARN_DOCUMENTATION_COMMENTS = YES;
				CLANG_WARN_EMPTY_BODY = YES;
				CLANG_WARN_ENUM_CONVERSION = YES;
				CLANG_WARN_INFINITE_RECURSION = YES;
				CLANG_WARN_INT_CONVERSION = YES;
				CLANG_WARN_NON_LITERAL_NULL_CONVERSION = YES;
				CLANG_WARN_OBJC_IMPLICIT_RETAIN_SELF = YES;
				CLANG_WARN_OBJC_LITERAL_CONVERSION = YES;
				CLANG_WARN_OBJC_ROOT_CLASS = YES_ERROR;
				CLANG_WARN_QUOTED_INCLUDE_IN_FRAMEWORK_HEADER = YES;
				CLANG_WARN_RANGE_LOOP_ANALYSIS = YES;
				CLANG_WARN_STRICT_PROTOTYPES = YES;
				CLANG_WARN_SUSPICIOUS_MOVE = YES;
				CLANG_WARN_UNGUARDED_AVAILABILITY = YES_AGGRESSIVE;
				CLANG_WARN_UNREACHABLE_CODE = YES;
				CLANG_WARN__DUPLICATE_METHOD_MATCH = YES;
				COPY_PHASE_STRIP = NO;
				DEBUG_INFORMATION_FORMAT = dwarf;
				ENABLE_STRICT_OBJC_MSGSEND = YES;
				ENABLE_TESTABILITY = YES;
				GCC_C_LANGUAGE_STANDARD = gnu11;
				GCC_DYNAMIC_NO_PIC = NO;
				GCC_NO_COMMON_BLOCKS = YES;
				GCC_OPTIMIZATION_LEVEL = 0;
				GCC_PREPROCESSOR_DEFINITIONS = (
					"DEBUG=1",
					"$(inherited)",
				);
				GCC_WARN_64_TO_32_BIT_CONVERSION = YES;
				GCC_WARN_ABOUT_RETURN_TYPE = YES_ERROR;
				GCC_WARN_UNDECLARED_SELECTOR = YES;
				GCC_WARN_UNINITIALIZED_AUTOS = YES_AGGRESSIVE;
				GCC_WARN_UNUSED_FUNCTION = YES;
				GCC_WARN_UNUSED_VARIABLE = YES;
				IPHONEOS_DEPLOYMENT_TARGET = 16.1;
				MTL_ENABLE_DEBUG_INFO = INCLUDE_SOURCE;
				MTL_FAST_MATH = YES;
				ONLY_ACTIVE_ARCH = YES;
				SDKROOT = iphoneos;
				SWIFT_ACTIVE_COMPILATION_CONDITIONS = DEBUG;
				SWIFT_OPTIMIZATION_LEVEL = "-Onone";
			};
			name = Debug;
		};
		F1DB6CEB29423BDD0000A3DD /* Release */ = {
			isa = XCBuildConfiguration;
			buildSettings = {
				ALWAYS_SEARCH_USER_PATHS = NO;
				CLANG_ANALYZER_NONNULL = YES;
				CLANG_ANALYZER_NUMBER_OBJECT_CONVERSION = YES_AGGRESSIVE;
				CLANG_CXX_LANGUAGE_STANDARD = "gnu++20";
				CLANG_ENABLE_MODULES = YES;
				CLANG_ENABLE_OBJC_ARC = YES;
				CLANG_ENABLE_OBJC_WEAK = YES;
				CLANG_WARN_BLOCK_CAPTURE_AUTORELEASING = YES;
				CLANG_WARN_BOOL_CONVERSION = YES;
				CLANG_WARN_COMMA = YES;
				CLANG_WARN_CONSTANT_CONVERSION = YES;
				CLANG_WARN_DEPRECATED_OBJC_IMPLEMENTATIONS = YES;
				CLANG_WARN_DIRECT_OBJC_ISA_USAGE = YES_ERROR;
				CLANG_WARN_DOCUMENTATION_COMMENTS = YES;
				CLANG_WARN_EMPTY_BODY = YES;
				CLANG_WARN_ENUM_CONVERSION = YES;
				CLANG_WARN_INFINITE_RECURSION = YES;
				CLANG_WARN_INT_CONVERSION = YES;
				CLANG_WARN_NON_LITERAL_NULL_CONVERSION = YES;
				CLANG_WARN_OBJC_IMPLICIT_RETAIN_SELF = YES;
				CLANG_WARN_OBJC_LITERAL_CONVERSION = YES;
				CLANG_WARN_OBJC_ROOT_CLASS = YES_ERROR;
				CLANG_WARN_QUOTED_INCLUDE_IN_FRAMEWORK_HEADER = YES;
				CLANG_WARN_RANGE_LOOP_ANALYSIS = YES;
				CLANG_WARN_STRICT_PROTOTYPES = YES;
				CLANG_WARN_SUSPICIOUS_MOVE = YES;
				CLANG_WARN_UNGUARDED_AVAILABILITY = YES_AGGRESSIVE;
				CLANG_WARN_UNREACHABLE_CODE = YES;
				CLANG_WARN__DUPLICATE_METHOD_MATCH = YES;
				COPY_PHASE_STRIP = NO;
				DEBUG_INFORMATION_FORMAT = "dwarf-with-dsym";
				ENABLE_NS_ASSERTIONS = NO;
				ENABLE_STRICT_OBJC_MSGSEND = YES;
				GCC_C_LANGUAGE_STANDARD = gnu11;
				GCC_NO_COMMON_BLOCKS = YES;
				GCC_WARN_64_TO_32_BIT_CONVERSION = YES;
				GCC_WARN_ABOUT_RETURN_TYPE = YES_ERROR;
				GCC_WARN_UNDECLARED_SELECTOR = YES;
				GCC_WARN_UNINITIALIZED_AUTOS = YES_AGGRESSIVE;
				GCC_WARN_UNUSED_FUNCTION = YES;
				GCC_WARN_UNUSED_VARIABLE = YES;
				IPHONEOS_DEPLOYMENT_TARGET = 16.1;
				MTL_ENABLE_DEBUG_INFO = NO;
				MTL_FAST_MATH = YES;
				SDKROOT = iphoneos;
				SWIFT_COMPILATION_MODE = wholemodule;
				SWIFT_OPTIMIZATION_LEVEL = "-O";
				VALIDATE_PRODUCT = YES;
			};
			name = Release;
		};
		F1DB6CED29423BDD0000A3DD /* Debug */ = {
			isa = XCBuildConfiguration;
			buildSettings = {
				ASSETCATALOG_COMPILER_APPICON_NAME = AppIcon;
				ASSETCATALOG_COMPILER_GLOBAL_ACCENT_COLOR_NAME = AccentColor;
				ASSETCATALOG_COMPILER_INCLUDE_ALL_APPICON_ASSETS = NO;
				CODE_SIGN_STYLE = Automatic;
				CURRENT_PROJECT_VERSION = 1;
				DEVELOPMENT_ASSET_PATHS = "\"Taskit/Preview Content\"";
				ENABLE_PREVIEWS = YES;
				GENERATE_INFOPLIST_FILE = YES;
				INFOPLIST_KEY_UIApplicationSceneManifest_Generation = YES;
				INFOPLIST_KEY_UIApplicationSupportsIndirectInputEvents = YES;
				INFOPLIST_KEY_UILaunchScreen_Generation = YES;
				INFOPLIST_KEY_UIStatusBarStyle = UIStatusBarStyleDarkContent;
				INFOPLIST_KEY_UISupportedInterfaceOrientations = "UIInterfaceOrientationLandscapeLeft UIInterfaceOrientationLandscapeRight UIInterfaceOrientationPortrait UIInterfaceOrientationPortraitUpsideDown";
				IPHONEOS_DEPLOYMENT_TARGET = 14.0;
				LD_RUNPATH_SEARCH_PATHS = (
					"$(inherited)",
					"@executable_path/Frameworks",
				);
				MARKETING_VERSION = 1.0;
				PRODUCT_BUNDLE_IDENTIFIER = "Proactiv-devs.Taskit";
				PRODUCT_NAME = "$(TARGET_NAME)";
				SWIFT_EMIT_LOC_STRINGS = YES;
				SWIFT_VERSION = 5.0;
				TARGETED_DEVICE_FAMILY = "1,2";
			};
			name = Debug;
		};
		F1DB6CEE29423BDD0000A3DD /* Release */ = {
			isa = XCBuildConfiguration;
			buildSettings = {
				ASSETCATALOG_COMPILER_APPICON_NAME = AppIcon;
				ASSETCATALOG_COMPILER_GLOBAL_ACCENT_COLOR_NAME = AccentColor;
				ASSETCATALOG_COMPILER_INCLUDE_ALL_APPICON_ASSETS = NO;
				CODE_SIGN_STYLE = Automatic;
				CURRENT_PROJECT_VERSION = 1;
				DEVELOPMENT_ASSET_PATHS = "\"Taskit/Preview Content\"";
				ENABLE_PREVIEWS = YES;
				GENERATE_INFOPLIST_FILE = YES;
				INFOPLIST_KEY_UIApplicationSceneManifest_Generation = YES;
				INFOPLIST_KEY_UIApplicationSupportsIndirectInputEvents = YES;
				INFOPLIST_KEY_UILaunchScreen_Generation = YES;
				INFOPLIST_KEY_UIStatusBarStyle = UIStatusBarStyleDarkContent;
				INFOPLIST_KEY_UISupportedInterfaceOrientations = "UIInterfaceOrientationLandscapeLeft UIInterfaceOrientationLandscapeRight UIInterfaceOrientationPortrait UIInterfaceOrientationPortraitUpsideDown";
				IPHONEOS_DEPLOYMENT_TARGET = 14.0;
				LD_RUNPATH_SEARCH_PATHS = (
					"$(inherited)",
					"@executable_path/Frameworks",
				);
				MARKETING_VERSION = 1.0;
				PRODUCT_BUNDLE_IDENTIFIER = "Proactiv-devs.Taskit";
				PRODUCT_NAME = "$(TARGET_NAME)";
				SWIFT_EMIT_LOC_STRINGS = YES;
				SWIFT_VERSION = 5.0;
				TARGETED_DEVICE_FAMILY = "1,2";
			};
			name = Release;
		};
/* End XCBuildConfiguration section */

/* Begin XCConfigurationList section */
		F1DB6CD429423BDC0000A3DD /* Build configuration list for PBXProject "Taskit" */ = {
			isa = XCConfigurationList;
			buildConfigurations = (
				F1DB6CEA29423BDD0000A3DD /* Debug */,
				F1DB6CEB29423BDD0000A3DD /* Release */,
			);
			defaultConfigurationIsVisible = 0;
			defaultConfigurationName = Release;
		};
		F1DB6CEC29423BDD0000A3DD /* Build configuration list for PBXNativeTarget "Taskit" */ = {
			isa = XCConfigurationList;
			buildConfigurations = (
				F1DB6CED29423BDD0000A3DD /* Debug */,
				F1DB6CEE29423BDD0000A3DD /* Release */,
			);
			defaultConfigurationIsVisible = 0;
			defaultConfigurationName = Release;
		};
/* End XCConfigurationList section */

/* Begin XCRemoteSwiftPackageReference section */
		F1DA64E929B0E60F0018F0F6 /* XCRemoteSwiftPackageReference "firebase-ios-sdk" */ = {
			isa = XCRemoteSwiftPackageReference;
			repositoryURL = "https://github.com/firebase/firebase-ios-sdk";
			requirement = {
				branch = master;
				kind = branch;
			};
		};
/* End XCRemoteSwiftPackageReference section */

/* Begin XCSwiftPackageProductDependency section */
		F1DA64EA29B0E60F0018F0F6 /* FirebaseAppCheck */ = {
			isa = XCSwiftPackageProductDependency;
			package = F1DA64E929B0E60F0018F0F6 /* XCRemoteSwiftPackageReference "firebase-ios-sdk" */;
			productName = FirebaseAppCheck;
		};
		F1DA64EC29B0E60F0018F0F6 /* FirebaseAuth */ = {
			isa = XCSwiftPackageProductDependency;
			package = F1DA64E929B0E60F0018F0F6 /* XCRemoteSwiftPackageReference "firebase-ios-sdk" */;
			productName = FirebaseAuth;
		};
		F1DA64EE29B0E60F0018F0F6 /* FirebaseAuthCombine-Community */ = {
			isa = XCSwiftPackageProductDependency;
			package = F1DA64E929B0E60F0018F0F6 /* XCRemoteSwiftPackageReference "firebase-ios-sdk" */;
			productName = "FirebaseAuthCombine-Community";
		};
		F1DA64F029B0E60F0018F0F6 /* FirebaseCrashlytics */ = {
			isa = XCSwiftPackageProductDependency;
			package = F1DA64E929B0E60F0018F0F6 /* XCRemoteSwiftPackageReference "firebase-ios-sdk" */;
			productName = FirebaseCrashlytics;
		};
		F1DA64F229B0E60F0018F0F6 /* FirebaseDatabase */ = {
			isa = XCSwiftPackageProductDependency;
			package = F1DA64E929B0E60F0018F0F6 /* XCRemoteSwiftPackageReference "firebase-ios-sdk" */;
			productName = FirebaseDatabase;
		};
		F1DA64F429B0E60F0018F0F6 /* FirebaseDatabaseSwift */ = {
			isa = XCSwiftPackageProductDependency;
			package = F1DA64E929B0E60F0018F0F6 /* XCRemoteSwiftPackageReference "firebase-ios-sdk" */;
			productName = FirebaseDatabaseSwift;
		};
		F1DA64F629B0E60F0018F0F6 /* FirebaseDynamicLinks */ = {
			isa = XCSwiftPackageProductDependency;
			package = F1DA64E929B0E60F0018F0F6 /* XCRemoteSwiftPackageReference "firebase-ios-sdk" */;
			productName = FirebaseDynamicLinks;
		};
		F1DA64F829B0E60F0018F0F6 /* FirebaseFirestore */ = {
			isa = XCSwiftPackageProductDependency;
			package = F1DA64E929B0E60F0018F0F6 /* XCRemoteSwiftPackageReference "firebase-ios-sdk" */;
			productName = FirebaseFirestore;
		};
		F1DA64FA29B0E60F0018F0F6 /* FirebaseFirestoreCombine-Community */ = {
			isa = XCSwiftPackageProductDependency;
			package = F1DA64E929B0E60F0018F0F6 /* XCRemoteSwiftPackageReference "firebase-ios-sdk" */;
			productName = "FirebaseFirestoreCombine-Community";
		};
		F1DA64FC29B0E60F0018F0F6 /* FirebaseFirestoreSwift */ = {
			isa = XCSwiftPackageProductDependency;
			package = F1DA64E929B0E60F0018F0F6 /* XCRemoteSwiftPackageReference "firebase-ios-sdk" */;
			productName = FirebaseFirestoreSwift;
		};
		F1DA64FE29B0E60F0018F0F6 /* FirebaseFunctionsCombine-Community */ = {
			isa = XCSwiftPackageProductDependency;
			package = F1DA64E929B0E60F0018F0F6 /* XCRemoteSwiftPackageReference "firebase-ios-sdk" */;
			productName = "FirebaseFunctionsCombine-Community";
		};
		F1DA650029B0E60F0018F0F6 /* FirebaseInAppMessaging-Beta */ = {
			isa = XCSwiftPackageProductDependency;
			package = F1DA64E929B0E60F0018F0F6 /* XCRemoteSwiftPackageReference "firebase-ios-sdk" */;
			productName = "FirebaseInAppMessaging-Beta";
		};
		F1DA650229B0E60F0018F0F6 /* FirebaseInAppMessagingSwift-Beta */ = {
			isa = XCSwiftPackageProductDependency;
			package = F1DA64E929B0E60F0018F0F6 /* XCRemoteSwiftPackageReference "firebase-ios-sdk" */;
			productName = "FirebaseInAppMessagingSwift-Beta";
		};
		F1DA650429B0E60F0018F0F6 /* FirebaseMessaging */ = {
			isa = XCSwiftPackageProductDependency;
			package = F1DA64E929B0E60F0018F0F6 /* XCRemoteSwiftPackageReference "firebase-ios-sdk" */;
			productName = FirebaseMessaging;
		};
		F1DA650629B0E60F0018F0F6 /* FirebasePerformance */ = {
			isa = XCSwiftPackageProductDependency;
			package = F1DA64E929B0E60F0018F0F6 /* XCRemoteSwiftPackageReference "firebase-ios-sdk" */;
			productName = FirebasePerformance;
		};
		F1DA650829B0E60F0018F0F6 /* FirebaseRemoteConfig */ = {
			isa = XCSwiftPackageProductDependency;
			package = F1DA64E929B0E60F0018F0F6 /* XCRemoteSwiftPackageReference "firebase-ios-sdk" */;
			productName = FirebaseRemoteConfig;
		};
		F1DA650A29B0E60F0018F0F6 /* FirebaseRemoteConfigSwift */ = {
			isa = XCSwiftPackageProductDependency;
			package = F1DA64E929B0E60F0018F0F6 /* XCRemoteSwiftPackageReference "firebase-ios-sdk" */;
			productName = FirebaseRemoteConfigSwift;
		};
		F1DA650C29B0E60F0018F0F6 /* FirebaseStorage */ = {
			isa = XCSwiftPackageProductDependency;
			package = F1DA64E929B0E60F0018F0F6 /* XCRemoteSwiftPackageReference "firebase-ios-sdk" */;
			productName = FirebaseStorage;
		};
		F1DA650E29B0E60F0018F0F6 /* FirebaseStorageCombine-Community */ = {
			isa = XCSwiftPackageProductDependency;
			package = F1DA64E929B0E60F0018F0F6 /* XCRemoteSwiftPackageReference "firebase-ios-sdk" */;
			productName = "FirebaseStorageCombine-Community";
		};
/* End XCSwiftPackageProductDependency section */

/* Begin XCVersionGroup section */
		F1DB6CE729423BDD0000A3DD /* Taskit.xcdatamodeld */ = {
			isa = XCVersionGroup;
			children = (
				F1DB6CE829423BDD0000A3DD /* Taskit.xcdatamodel */,
			);
			currentVersion = F1DB6CE829423BDD0000A3DD /* Taskit.xcdatamodel */;
			path = Taskit.xcdatamodeld;
			sourceTree = "<group>";
			versionGroupType = wrapper.xcdatamodel;
		};
/* End XCVersionGroup section */
	};
	rootObject = F1DB6CD129423BDC0000A3DD /* Project object */;
}
