// !$*UTF8*$!
{
	archiveVersion = 1;
	classes = {
	};
	objectVersion = 56;
	objects = {

/* Begin PBXBuildFile section */
		F10AC6292948074900E506B5 /* TaskitApp.swift in Sources */ = {isa = PBXBuildFile; fileRef = F10AC6282948074900E506B5 /* TaskitApp.swift */; };
		F10AC62B2948074900E506B5 /* ContentView.swift in Sources */ = {isa = PBXBuildFile; fileRef = F10AC62A2948074900E506B5 /* ContentView.swift */; };
		F10AC62D2948074A00E506B5 /* Assets.xcassets in Resources */ = {isa = PBXBuildFile; fileRef = F10AC62C2948074A00E506B5 /* Assets.xcassets */; };
		F10AC6302948074A00E506B5 /* Preview Assets.xcassets in Resources */ = {isa = PBXBuildFile; fileRef = F10AC62F2948074A00E506B5 /* Preview Assets.xcassets */; };
		F10AC6322948074A00E506B5 /* Persistence.swift in Sources */ = {isa = PBXBuildFile; fileRef = F10AC6312948074A00E506B5 /* Persistence.swift */; };
		F10AC6352948074A00E506B5 /* Taskit.xcdatamodeld in Sources */ = {isa = PBXBuildFile; fileRef = F10AC6332948074A00E506B5 /* Taskit.xcdatamodeld */; };
		F10AC63D294807A300E506B5 /* FirebaseAuth in Frameworks */ = {isa = PBXBuildFile; productRef = F10AC63C294807A300E506B5 /* FirebaseAuth */; };
		F10AC63F294807A300E506B5 /* FirebaseAuthCombine-Community in Frameworks */ = {isa = PBXBuildFile; productRef = F10AC63E294807A300E506B5 /* FirebaseAuthCombine-Community */; };
		F10AC641294807A300E506B5 /* FirebaseDatabase in Frameworks */ = {isa = PBXBuildFile; productRef = F10AC640294807A300E506B5 /* FirebaseDatabase */; };
		F10AC643294807A300E506B5 /* FirebaseDatabaseSwift in Frameworks */ = {isa = PBXBuildFile; productRef = F10AC642294807A300E506B5 /* FirebaseDatabaseSwift */; };
		F10AC645294807A300E506B5 /* FirebaseDynamicLinks in Frameworks */ = {isa = PBXBuildFile; productRef = F10AC644294807A300E506B5 /* FirebaseDynamicLinks */; };
		F10AC647294807A300E506B5 /* FirebaseFirestore in Frameworks */ = {isa = PBXBuildFile; productRef = F10AC646294807A300E506B5 /* FirebaseFirestore */; };
		F10AC649294807A300E506B5 /* FirebaseFirestoreCombine-Community in Frameworks */ = {isa = PBXBuildFile; productRef = F10AC648294807A300E506B5 /* FirebaseFirestoreCombine-Community */; };
		F10AC64B294807A300E506B5 /* FirebaseFirestoreSwift in Frameworks */ = {isa = PBXBuildFile; productRef = F10AC64A294807A300E506B5 /* FirebaseFirestoreSwift */; };
		F10AC64D294807A300E506B5 /* FirebaseStorage in Frameworks */ = {isa = PBXBuildFile; productRef = F10AC64C294807A300E506B5 /* FirebaseStorage */; };
		F10AC64F294807A300E506B5 /* FirebaseStorageCombine-Community in Frameworks */ = {isa = PBXBuildFile; productRef = F10AC64E294807A300E506B5 /* FirebaseStorageCombine-Community */; };
		F10AC651294807B800E506B5 /* GoogleService-Info.plist in Resources */ = {isa = PBXBuildFile; fileRef = F10AC650294807B800E506B5 /* GoogleService-Info.plist */; };
/* End PBXBuildFile section */

/* Begin PBXFileReference section */
		F10AC6252948074900E506B5 /* Taskit.app */ = {isa = PBXFileReference; explicitFileType = wrapper.application; includeInIndex = 0; path = Taskit.app; sourceTree = BUILT_PRODUCTS_DIR; };
		F10AC6282948074900E506B5 /* TaskitApp.swift */ = {isa = PBXFileReference; lastKnownFileType = sourcecode.swift; path = TaskitApp.swift; sourceTree = "<group>"; };
		F10AC62A2948074900E506B5 /* ContentView.swift */ = {isa = PBXFileReference; lastKnownFileType = sourcecode.swift; path = ContentView.swift; sourceTree = "<group>"; };
		F10AC62C2948074A00E506B5 /* Assets.xcassets */ = {isa = PBXFileReference; lastKnownFileType = folder.assetcatalog; path = Assets.xcassets; sourceTree = "<group>"; };
		F10AC62F2948074A00E506B5 /* Preview Assets.xcassets */ = {isa = PBXFileReference; lastKnownFileType = folder.assetcatalog; path = "Preview Assets.xcassets"; sourceTree = "<group>"; };
		F10AC6312948074A00E506B5 /* Persistence.swift */ = {isa = PBXFileReference; lastKnownFileType = sourcecode.swift; path = Persistence.swift; sourceTree = "<group>"; };
		F10AC6342948074A00E506B5 /* Taskit.xcdatamodel */ = {isa = PBXFileReference; lastKnownFileType = wrapper.xcdatamodel; path = Taskit.xcdatamodel; sourceTree = "<group>"; };
		F10AC650294807B800E506B5 /* GoogleService-Info.plist */ = {isa = PBXFileReference; fileEncoding = 4; lastKnownFileType = text.plist.xml; name = "GoogleService-Info.plist"; path = "../../GoogleService-Info.plist"; sourceTree = "<group>"; };
/* End PBXFileReference section */

/* Begin PBXFrameworksBuildPhase section */
		F10AC6222948074900E506B5 /* Frameworks */ = {
			isa = PBXFrameworksBuildPhase;
			buildActionMask = 2147483647;
			files = (
				F10AC643294807A300E506B5 /* FirebaseDatabaseSwift in Frameworks */,
				F10AC641294807A300E506B5 /* FirebaseDatabase in Frameworks */,
				F10AC64F294807A300E506B5 /* FirebaseStorageCombine-Community in Frameworks */,
				F10AC64D294807A300E506B5 /* FirebaseStorage in Frameworks */,
				F10AC63D294807A300E506B5 /* FirebaseAuth in Frameworks */,
				F10AC63F294807A300E506B5 /* FirebaseAuthCombine-Community in Frameworks */,
				F10AC645294807A300E506B5 /* FirebaseDynamicLinks in Frameworks */,
				F10AC647294807A300E506B5 /* FirebaseFirestore in Frameworks */,
				F10AC649294807A300E506B5 /* FirebaseFirestoreCombine-Community in Frameworks */,
				F10AC64B294807A300E506B5 /* FirebaseFirestoreSwift in Frameworks */,
			);
			runOnlyForDeploymentPostprocessing = 0;
		};
/* End PBXFrameworksBuildPhase section */

/* Begin PBXGroup section */
		F10AC61C2948074900E506B5 = {
			isa = PBXGroup;
			children = (
				F10AC6272948074900E506B5 /* Taskit */,
				F10AC6262948074900E506B5 /* Products */,
			);
			sourceTree = "<group>";
		};
		F10AC6262948074900E506B5 /* Products */ = {
			isa = PBXGroup;
			children = (
				F10AC6252948074900E506B5 /* Taskit.app */,
			);
			name = Products;
			sourceTree = "<group>";
		};
		F10AC6272948074900E506B5 /* Taskit */ = {
			isa = PBXGroup;
			children = (
				F10AC650294807B800E506B5 /* GoogleService-Info.plist */,
				F10AC6282948074900E506B5 /* TaskitApp.swift */,
				F10AC62A2948074900E506B5 /* ContentView.swift */,
				F10AC62C2948074A00E506B5 /* Assets.xcassets */,
				F10AC6312948074A00E506B5 /* Persistence.swift */,
				F10AC6332948074A00E506B5 /* Taskit.xcdatamodeld */,
				F10AC62E2948074A00E506B5 /* Preview Content */,
			);
			path = Taskit;
			sourceTree = "<group>";
		};
		F10AC62E2948074A00E506B5 /* Preview Content */ = {
			isa = PBXGroup;
			children = (
				F10AC62F2948074A00E506B5 /* Preview Assets.xcassets */,
			);
			path = "Preview Content";
			sourceTree = "<group>";
		};
/* End PBXGroup section */

/* Begin PBXNativeTarget section */
		F10AC6242948074900E506B5 /* Taskit */ = {
			isa = PBXNativeTarget;
			buildConfigurationList = F10AC6382948074A00E506B5 /* Build configuration list for PBXNativeTarget "Taskit" */;
			buildPhases = (
				F10AC6212948074900E506B5 /* Sources */,
				F10AC6222948074900E506B5 /* Frameworks */,
				F10AC6232948074900E506B5 /* Resources */,
			);
			buildRules = (
			);
			dependencies = (
			);
			name = Taskit;
			packageProductDependencies = (
				F10AC63C294807A300E506B5 /* FirebaseAuth */,
				F10AC63E294807A300E506B5 /* FirebaseAuthCombine-Community */,
				F10AC640294807A300E506B5 /* FirebaseDatabase */,
				F10AC642294807A300E506B5 /* FirebaseDatabaseSwift */,
				F10AC644294807A300E506B5 /* FirebaseDynamicLinks */,
				F10AC646294807A300E506B5 /* FirebaseFirestore */,
				F10AC648294807A300E506B5 /* FirebaseFirestoreCombine-Community */,
				F10AC64A294807A300E506B5 /* FirebaseFirestoreSwift */,
				F10AC64C294807A300E506B5 /* FirebaseStorage */,
				F10AC64E294807A300E506B5 /* FirebaseStorageCombine-Community */,
			);
			productName = Taskit;
			productReference = F10AC6252948074900E506B5 /* Taskit.app */;
			productType = "com.apple.product-type.application";
		};
/* End PBXNativeTarget section */

/* Begin PBXProject section */
		F10AC61D2948074900E506B5 /* Project object */ = {
			isa = PBXProject;
			attributes = {
				BuildIndependentTargetsInParallel = 1;
				LastSwiftUpdateCheck = 1410;
				LastUpgradeCheck = 1410;
				TargetAttributes = {
					F10AC6242948074900E506B5 = {
						CreatedOnToolsVersion = 14.1;
					};
				};
			};
			buildConfigurationList = F10AC6202948074900E506B5 /* Build configuration list for PBXProject "Taskit" */;
			compatibilityVersion = "Xcode 14.0";
			developmentRegion = en;
			hasScannedForEncodings = 0;
			knownRegions = (
				en,
				Base,
			);
			mainGroup = F10AC61C2948074900E506B5;
			packageReferences = (
				F10AC63B294807A300E506B5 /* XCRemoteSwiftPackageReference "firebase-ios-sdk" */,
			);
			productRefGroup = F10AC6262948074900E506B5 /* Products */;
			projectDirPath = "";
			projectRoot = "";
			targets = (
				F10AC6242948074900E506B5 /* Taskit */,
			);
		};
/* End PBXProject section */

/* Begin PBXResourcesBuildPhase section */
		F10AC6232948074900E506B5 /* Resources */ = {
			isa = PBXResourcesBuildPhase;
			buildActionMask = 2147483647;
			files = (
				F10AC6302948074A00E506B5 /* Preview Assets.xcassets in Resources */,
				F10AC62D2948074A00E506B5 /* Assets.xcassets in Resources */,
				F10AC651294807B800E506B5 /* GoogleService-Info.plist in Resources */,
			);
			runOnlyForDeploymentPostprocessing = 0;
		};
/* End PBXResourcesBuildPhase section */

/* Begin PBXSourcesBuildPhase section */
		F10AC6212948074900E506B5 /* Sources */ = {
			isa = PBXSourcesBuildPhase;
			buildActionMask = 2147483647;
			files = (
				F10AC6322948074A00E506B5 /* Persistence.swift in Sources */,
				F10AC62B2948074900E506B5 /* ContentView.swift in Sources */,
				F10AC6292948074900E506B5 /* TaskitApp.swift in Sources */,
				F10AC6352948074A00E506B5 /* Taskit.xcdatamodeld in Sources */,
			);
			runOnlyForDeploymentPostprocessing = 0;
		};
/* End PBXSourcesBuildPhase section */

/* Begin XCBuildConfiguration section */
		F10AC6362948074A00E506B5 /* Debug */ = {
			isa = XCBuildConfiguration;
			buildSettings = {
				ALWAYS_SEARCH_USER_PATHS = NO;
				CLANG_ANALYZER_NONNULL = YES;
				CLANG_ANALYZER_NUMBER_OBJECT_CONVERSION = YES_AGGRESSIVE;
				CLANG_CXX_LANGUAGE_STANDARD = "gnu++20";
				CLANG_ENABLE_MODULES = YES;
				CLANG_ENABLE_OBJC_ARC = YES;
				CLANG_ENABLE_OBJC_WEAK = YES;
				CLANG_WARN_BLOCK_CAPTURE_AUTORELEASING = YES;
				CLANG_WARN_BOOL_CONVERSION = YES;
				CLANG_WARN_COMMA = YES;
				CLANG_WARN_CONSTANT_CONVERSION = YES;
				CLANG_WARN_DEPRECATED_OBJC_IMPLEMENTATIONS = YES;
				CLANG_WARN_DIRECT_OBJC_ISA_USAGE = YES_ERROR;
				CLANG_WARN_DOCUMENTATION_COMMENTS = YES;
				CLANG_WARN_EMPTY_BODY = YES;
				CLANG_WARN_ENUM_CONVERSION = YES;
				CLANG_WARN_INFINITE_RECURSION = YES;
				CLANG_WARN_INT_CONVERSION = YES;
				CLANG_WARN_NON_LITERAL_NULL_CONVERSION = YES;
				CLANG_WARN_OBJC_IMPLICIT_RETAIN_SELF = YES;
				CLANG_WARN_OBJC_LITERAL_CONVERSION = YES;
				CLANG_WARN_OBJC_ROOT_CLASS = YES_ERROR;
				CLANG_WARN_QUOTED_INCLUDE_IN_FRAMEWORK_HEADER = YES;
				CLANG_WARN_RANGE_LOOP_ANALYSIS = YES;
				CLANG_WARN_STRICT_PROTOTYPES = YES;
				CLANG_WARN_SUSPICIOUS_MOVE = YES;
				CLANG_WARN_UNGUARDED_AVAILABILITY = YES_AGGRESSIVE;
				CLANG_WARN_UNREACHABLE_CODE = YES;
				CLANG_WARN__DUPLICATE_METHOD_MATCH = YES;
				COPY_PHASE_STRIP = NO;
				DEBUG_INFORMATION_FORMAT = dwarf;
				ENABLE_STRICT_OBJC_MSGSEND = YES;
				ENABLE_TESTABILITY = YES;
				GCC_C_LANGUAGE_STANDARD = gnu11;
				GCC_DYNAMIC_NO_PIC = NO;
				GCC_NO_COMMON_BLOCKS = YES;
				GCC_OPTIMIZATION_LEVEL = 0;
				GCC_PREPROCESSOR_DEFINITIONS = (
					"DEBUG=1",
					"$(inherited)",
				);
				GCC_WARN_64_TO_32_BIT_CONVERSION = YES;
				GCC_WARN_ABOUT_RETURN_TYPE = YES_ERROR;
				GCC_WARN_UNDECLARED_SELECTOR = YES;
				GCC_WARN_UNINITIALIZED_AUTOS = YES_AGGRESSIVE;
				GCC_WARN_UNUSED_FUNCTION = YES;
				GCC_WARN_UNUSED_VARIABLE = YES;
				IPHONEOS_DEPLOYMENT_TARGET = 16.1;
				MTL_ENABLE_DEBUG_INFO = INCLUDE_SOURCE;
				MTL_FAST_MATH = YES;
				ONLY_ACTIVE_ARCH = YES;
				SDKROOT = iphoneos;
				SWIFT_ACTIVE_COMPILATION_CONDITIONS = DEBUG;
				SWIFT_OPTIMIZATION_LEVEL = "-Onone";
			};
			name = Debug;
		};
		F10AC6372948074A00E506B5 /* Release */ = {
			isa = XCBuildConfiguration;
			buildSettings = {
				ALWAYS_SEARCH_USER_PATHS = NO;
				CLANG_ANALYZER_NONNULL = YES;
				CLANG_ANALYZER_NUMBER_OBJECT_CONVERSION = YES_AGGRESSIVE;
				CLANG_CXX_LANGUAGE_STANDARD = "gnu++20";
				CLANG_ENABLE_MODULES = YES;
				CLANG_ENABLE_OBJC_ARC = YES;
				CLANG_ENABLE_OBJC_WEAK = YES;
				CLANG_WARN_BLOCK_CAPTURE_AUTORELEASING = YES;
				CLANG_WARN_BOOL_CONVERSION = YES;
				CLANG_WARN_COMMA = YES;
				CLANG_WARN_CONSTANT_CONVERSION = YES;
				CLANG_WARN_DEPRECATED_OBJC_IMPLEMENTATIONS = YES;
				CLANG_WARN_DIRECT_OBJC_ISA_USAGE = YES_ERROR;
				CLANG_WARN_DOCUMENTATION_COMMENTS = YES;
				CLANG_WARN_EMPTY_BODY = YES;
				CLANG_WARN_ENUM_CONVERSION = YES;
				CLANG_WARN_INFINITE_RECURSION = YES;
				CLANG_WARN_INT_CONVERSION = YES;
				CLANG_WARN_NON_LITERAL_NULL_CONVERSION = YES;
				CLANG_WARN_OBJC_IMPLICIT_RETAIN_SELF = YES;
				CLANG_WARN_OBJC_LITERAL_CONVERSION = YES;
				CLANG_WARN_OBJC_ROOT_CLASS = YES_ERROR;
				CLANG_WARN_QUOTED_INCLUDE_IN_FRAMEWORK_HEADER = YES;
				CLANG_WARN_RANGE_LOOP_ANALYSIS = YES;
				CLANG_WARN_STRICT_PROTOTYPES = YES;
				CLANG_WARN_SUSPICIOUS_MOVE = YES;
				CLANG_WARN_UNGUARDED_AVAILABILITY = YES_AGGRESSIVE;
				CLANG_WARN_UNREACHABLE_CODE = YES;
				CLANG_WARN__DUPLICATE_METHOD_MATCH = YES;
				COPY_PHASE_STRIP = NO;
				DEBUG_INFORMATION_FORMAT = "dwarf-with-dsym";
				ENABLE_NS_ASSERTIONS = NO;
				ENABLE_STRICT_OBJC_MSGSEND = YES;
				GCC_C_LANGUAGE_STANDARD = gnu11;
				GCC_NO_COMMON_BLOCKS = YES;
				GCC_WARN_64_TO_32_BIT_CONVERSION = YES;
				GCC_WARN_ABOUT_RETURN_TYPE = YES_ERROR;
				GCC_WARN_UNDECLARED_SELECTOR = YES;
				GCC_WARN_UNINITIALIZED_AUTOS = YES_AGGRESSIVE;
				GCC_WARN_UNUSED_FUNCTION = YES;
				GCC_WARN_UNUSED_VARIABLE = YES;
				IPHONEOS_DEPLOYMENT_TARGET = 16.1;
				MTL_ENABLE_DEBUG_INFO = NO;
				MTL_FAST_MATH = YES;
				SDKROOT = iphoneos;
				SWIFT_COMPILATION_MODE = wholemodule;
				SWIFT_OPTIMIZATION_LEVEL = "-O";
				VALIDATE_PRODUCT = YES;
			};
			name = Release;
		};
		F10AC6392948074A00E506B5 /* Debug */ = {
			isa = XCBuildConfiguration;
			buildSettings = {
				ASSETCATALOG_COMPILER_APPICON_NAME = AppIcon;
				ASSETCATALOG_COMPILER_GLOBAL_ACCENT_COLOR_NAME = AccentColor;
				CODE_SIGN_STYLE = Automatic;
				CURRENT_PROJECT_VERSION = 1;
				DEVELOPMENT_ASSET_PATHS = "\"Taskit/Preview Content\"";
				ENABLE_PREVIEWS = YES;
				GENERATE_INFOPLIST_FILE = YES;
				INFOPLIST_KEY_UIApplicationSceneManifest_Generation = YES;
				INFOPLIST_KEY_UIApplicationSupportsIndirectInputEvents = YES;
				INFOPLIST_KEY_UILaunchScreen_Generation = YES;
				INFOPLIST_KEY_UISupportedInterfaceOrientations_iPad = "UIInterfaceOrientationPortrait UIInterfaceOrientationPortraitUpsideDown UIInterfaceOrientationLandscapeLeft UIInterfaceOrientationLandscapeRight";
				INFOPLIST_KEY_UISupportedInterfaceOrientations_iPhone = "UIInterfaceOrientationPortrait UIInterfaceOrientationLandscapeLeft UIInterfaceOrientationLandscapeRight";
				LD_RUNPATH_SEARCH_PATHS = (
					"$(inherited)",
					"@executable_path/Frameworks",
				);
				MARKETING_VERSION = 1.0;
				PRODUCT_BUNDLE_IDENTIFIER = "Proactiv-devs.Taskit";
				PRODUCT_NAME = "$(TARGET_NAME)";
				SWIFT_EMIT_LOC_STRINGS = YES;
				SWIFT_VERSION = 5.0;
				TARGETED_DEVICE_FAMILY = "1,2";
			};
			name = Debug;
		};
		F10AC63A2948074A00E506B5 /* Release */ = {
			isa = XCBuildConfiguration;
			buildSettings = {
				ASSETCATALOG_COMPILER_APPICON_NAME = AppIcon;
				ASSETCATALOG_COMPILER_GLOBAL_ACCENT_COLOR_NAME = AccentColor;
				CODE_SIGN_STYLE = Automatic;
				CURRENT_PROJECT_VERSION = 1;
				DEVELOPMENT_ASSET_PATHS = "\"Taskit/Preview Content\"";
				ENABLE_PREVIEWS = YES;
				GENERATE_INFOPLIST_FILE = YES;
				INFOPLIST_KEY_UIApplicationSceneManifest_Generation = YES;
				INFOPLIST_KEY_UIApplicationSupportsIndirectInputEvents = YES;
				INFOPLIST_KEY_UILaunchScreen_Generation = YES;
				INFOPLIST_KEY_UISupportedInterfaceOrientations_iPad = "UIInterfaceOrientationPortrait UIInterfaceOrientationPortraitUpsideDown UIInterfaceOrientationLandscapeLeft UIInterfaceOrientationLandscapeRight";
				INFOPLIST_KEY_UISupportedInterfaceOrientations_iPhone = "UIInterfaceOrientationPortrait UIInterfaceOrientationLandscapeLeft UIInterfaceOrientationLandscapeRight";
				LD_RUNPATH_SEARCH_PATHS = (
					"$(inherited)",
					"@executable_path/Frameworks",
				);
				MARKETING_VERSION = 1.0;
				PRODUCT_BUNDLE_IDENTIFIER = "Proactiv-devs.Taskit";
				PRODUCT_NAME = "$(TARGET_NAME)";
				SWIFT_EMIT_LOC_STRINGS = YES;
				SWIFT_VERSION = 5.0;
				TARGETED_DEVICE_FAMILY = "1,2";
			};
			name = Release;
		};
/* End XCBuildConfiguration section */

/* Begin XCConfigurationList section */
		F10AC6202948074900E506B5 /* Build configuration list for PBXProject "Taskit" */ = {
			isa = XCConfigurationList;
			buildConfigurations = (
				F10AC6362948074A00E506B5 /* Debug */,
				F10AC6372948074A00E506B5 /* Release */,
			);
			defaultConfigurationIsVisible = 0;
			defaultConfigurationName = Release;
		};
		F10AC6382948074A00E506B5 /* Build configuration list for PBXNativeTarget "Taskit" */ = {
			isa = XCConfigurationList;
			buildConfigurations = (
				F10AC6392948074A00E506B5 /* Debug */,
				F10AC63A2948074A00E506B5 /* Release */,
			);
			defaultConfigurationIsVisible = 0;
			defaultConfigurationName = Release;
		};
/* End XCConfigurationList section */

/* Begin XCRemoteSwiftPackageReference section */
		F10AC63B294807A300E506B5 /* XCRemoteSwiftPackageReference "firebase-ios-sdk" */ = {
			isa = XCRemoteSwiftPackageReference;
			repositoryURL = "https://github.com/firebase/firebase-ios-sdk";
			requirement = {
				kind = upToNextMajorVersion;
				minimumVersion = 9.0.0;
			};
		};
/* End XCRemoteSwiftPackageReference section */

/* Begin XCSwiftPackageProductDependency section */
		F10AC63C294807A300E506B5 /* FirebaseAuth */ = {
			isa = XCSwiftPackageProductDependency;
			package = F10AC63B294807A300E506B5 /* XCRemoteSwiftPackageReference "firebase-ios-sdk" */;
			productName = FirebaseAuth;
		};
		F10AC63E294807A300E506B5 /* FirebaseAuthCombine-Community */ = {
			isa = XCSwiftPackageProductDependency;
			package = F10AC63B294807A300E506B5 /* XCRemoteSwiftPackageReference "firebase-ios-sdk" */;
			productName = "FirebaseAuthCombine-Community";
		};
		F10AC640294807A300E506B5 /* FirebaseDatabase */ = {
			isa = XCSwiftPackageProductDependency;
			package = F10AC63B294807A300E506B5 /* XCRemoteSwiftPackageReference "firebase-ios-sdk" */;
			productName = FirebaseDatabase;
		};
		F10AC642294807A300E506B5 /* FirebaseDatabaseSwift */ = {
			isa = XCSwiftPackageProductDependency;
			package = F10AC63B294807A300E506B5 /* XCRemoteSwiftPackageReference "firebase-ios-sdk" */;
			productName = FirebaseDatabaseSwift;
		};
		F10AC644294807A300E506B5 /* FirebaseDynamicLinks */ = {
			isa = XCSwiftPackageProductDependency;
			package = F10AC63B294807A300E506B5 /* XCRemoteSwiftPackageReference "firebase-ios-sdk" */;
			productName = FirebaseDynamicLinks;
		};
		F10AC646294807A300E506B5 /* FirebaseFirestore */ = {
			isa = XCSwiftPackageProductDependency;
			package = F10AC63B294807A300E506B5 /* XCRemoteSwiftPackageReference "firebase-ios-sdk" */;
			productName = FirebaseFirestore;
		};
		F10AC648294807A300E506B5 /* FirebaseFirestoreCombine-Community */ = {
			isa = XCSwiftPackageProductDependency;
			package = F10AC63B294807A300E506B5 /* XCRemoteSwiftPackageReference "firebase-ios-sdk" */;
			productName = "FirebaseFirestoreCombine-Community";
		};
		F10AC64A294807A300E506B5 /* FirebaseFirestoreSwift */ = {
			isa = XCSwiftPackageProductDependency;
			package = F10AC63B294807A300E506B5 /* XCRemoteSwiftPackageReference "firebase-ios-sdk" */;
			productName = FirebaseFirestoreSwift;
		};
		F10AC64C294807A300E506B5 /* FirebaseStorage */ = {
			isa = XCSwiftPackageProductDependency;
			package = F10AC63B294807A300E506B5 /* XCRemoteSwiftPackageReference "firebase-ios-sdk" */;
			productName = FirebaseStorage;
		};
		F10AC64E294807A300E506B5 /* FirebaseStorageCombine-Community */ = {
			isa = XCSwiftPackageProductDependency;
			package = F10AC63B294807A300E506B5 /* XCRemoteSwiftPackageReference "firebase-ios-sdk" */;
			productName = "FirebaseStorageCombine-Community";
		};
/* End XCSwiftPackageProductDependency section */

/* Begin XCVersionGroup section */
		F10AC6332948074A00E506B5 /* Taskit.xcdatamodeld */ = {
			isa = XCVersionGroup;
			children = (
				F10AC6342948074A00E506B5 /* Taskit.xcdatamodel */,
			);
			currentVersion = F10AC6342948074A00E506B5 /* Taskit.xcdatamodel */;
			path = Taskit.xcdatamodeld;
			sourceTree = "<group>";
			versionGroupType = wrapper.xcdatamodel;
		};
/* End XCVersionGroup section */
	};
	rootObject = F10AC61D2948074900E506B5 /* Project object */;
}
