// !$*UTF8*$!
{
	archiveVersion = 1;
	classes = {
	};
	objectVersion = 56;
	objects = {

/* Begin PBXBuildFile section */
		F109B546294B74BA00107BB0 /* GoogleService-Info.plist in Resources */ = {isa = PBXBuildFile; fileRef = F109B545294B74BA00107BB0 /* GoogleService-Info.plist */; };
		F109B548294B759D00107BB0 /* Persistence.swift in Sources */ = {isa = PBXBuildFile; fileRef = F109B547294B759D00107BB0 /* Persistence.swift */; };
		F109B54A294B768300107BB0 /* SwiftUIView.swift in Sources */ = {isa = PBXBuildFile; fileRef = F109B549294B768300107BB0 /* SwiftUIView.swift */; };
		F15862CF29457B75008949C8 /* FirebaseAnalytics in Frameworks */ = {isa = PBXBuildFile; productRef = F15862CE29457B75008949C8 /* FirebaseAnalytics */; };
		F15862D129457B75008949C8 /* FirebaseAnalyticsOnDeviceConversion in Frameworks */ = {isa = PBXBuildFile; productRef = F15862D029457B75008949C8 /* FirebaseAnalyticsOnDeviceConversion */; };
		F15862D329457B75008949C8 /* FirebaseAuth in Frameworks */ = {isa = PBXBuildFile; productRef = F15862D229457B75008949C8 /* FirebaseAuth */; };
		F15862D529457B75008949C8 /* FirebaseAuthCombine-Community in Frameworks */ = {isa = PBXBuildFile; productRef = F15862D429457B75008949C8 /* FirebaseAuthCombine-Community */; };
		F15862D729457B75008949C8 /* FirebaseDatabase in Frameworks */ = {isa = PBXBuildFile; productRef = F15862D629457B75008949C8 /* FirebaseDatabase */; };
		F15862D929457B75008949C8 /* FirebaseDatabaseSwift in Frameworks */ = {isa = PBXBuildFile; productRef = F15862D829457B75008949C8 /* FirebaseDatabaseSwift */; };
		F15862DB29457B75008949C8 /* FirebaseDynamicLinks in Frameworks */ = {isa = PBXBuildFile; productRef = F15862DA29457B75008949C8 /* FirebaseDynamicLinks */; };
		F15862DD29457B75008949C8 /* FirebaseFirestore in Frameworks */ = {isa = PBXBuildFile; productRef = F15862DC29457B75008949C8 /* FirebaseFirestore */; };
		F15862DF29457B75008949C8 /* FirebaseFirestoreCombine-Community in Frameworks */ = {isa = PBXBuildFile; productRef = F15862DE29457B75008949C8 /* FirebaseFirestoreCombine-Community */; };
		F15862E129457B75008949C8 /* FirebaseFirestoreSwift in Frameworks */ = {isa = PBXBuildFile; productRef = F15862E029457B75008949C8 /* FirebaseFirestoreSwift */; };
		F15862E329457B75008949C8 /* FirebaseFunctions in Frameworks */ = {isa = PBXBuildFile; productRef = F15862E229457B75008949C8 /* FirebaseFunctions */; };
		F15862E529457B75008949C8 /* FirebaseFunctionsCombine-Community in Frameworks */ = {isa = PBXBuildFile; productRef = F15862E429457B75008949C8 /* FirebaseFunctionsCombine-Community */; };
		F15862E729457B75008949C8 /* FirebaseInAppMessaging-Beta in Frameworks */ = {isa = PBXBuildFile; productRef = F15862E629457B75008949C8 /* FirebaseInAppMessaging-Beta */; };
		F15862E929457B75008949C8 /* FirebaseInAppMessagingSwift-Beta in Frameworks */ = {isa = PBXBuildFile; productRef = F15862E829457B75008949C8 /* FirebaseInAppMessagingSwift-Beta */; };
		F15862EB29457B75008949C8 /* FirebaseMessaging in Frameworks */ = {isa = PBXBuildFile; productRef = F15862EA29457B75008949C8 /* FirebaseMessaging */; };
		F15862ED29457B75008949C8 /* FirebaseStorage in Frameworks */ = {isa = PBXBuildFile; productRef = F15862EC29457B75008949C8 /* FirebaseStorage */; };
		F15862EF29457B75008949C8 /* FirebaseStorageCombine-Community in Frameworks */ = {isa = PBXBuildFile; productRef = F15862EE29457B75008949C8 /* FirebaseStorageCombine-Community */; };
		F1DB6CDD29423BDC0000A3DD /* TaskitApp.swift in Sources */ = {isa = PBXBuildFile; fileRef = F1DB6CDC29423BDC0000A3DD /* TaskitApp.swift */; };
		F1DB6CE129423BDD0000A3DD /* Assets.xcassets in Resources */ = {isa = PBXBuildFile; fileRef = F1DB6CE029423BDD0000A3DD /* Assets.xcassets */; };
		F1DB6CE429423BDD0000A3DD /* Preview Assets.xcassets in Resources */ = {isa = PBXBuildFile; fileRef = F1DB6CE329423BDD0000A3DD /* Preview Assets.xcassets */; };
		F1DB6CE929423BDD0000A3DD /* Taskit.xcdatamodeld in Sources */ = {isa = PBXBuildFile; fileRef = F1DB6CE729423BDD0000A3DD /* Taskit.xcdatamodeld */; };
/* End PBXBuildFile section */

/* Begin PBXFileReference section */
		F109B545294B74BA00107BB0 /* GoogleService-Info.plist */ = {isa = PBXFileReference; fileEncoding = 4; lastKnownFileType = text.plist.xml; path = "GoogleService-Info.plist"; sourceTree = "<group>"; };
		F109B547294B759D00107BB0 /* Persistence.swift */ = {isa = PBXFileReference; fileEncoding = 4; lastKnownFileType = sourcecode.swift; path = Persistence.swift; sourceTree = "<group>"; };
		F109B549294B768300107BB0 /* SwiftUIView.swift */ = {isa = PBXFileReference; lastKnownFileType = sourcecode.swift; path = SwiftUIView.swift; sourceTree = "<group>"; };
		F1DB6CD929423BDC0000A3DD /* Taskit.app */ = {isa = PBXFileReference; explicitFileType = wrapper.application; includeInIndex = 0; path = Taskit.app; sourceTree = BUILT_PRODUCTS_DIR; };
		F1DB6CDC29423BDC0000A3DD /* TaskitApp.swift */ = {isa = PBXFileReference; lastKnownFileType = sourcecode.swift; path = TaskitApp.swift; sourceTree = "<group>"; };
		F1DB6CE029423BDD0000A3DD /* Assets.xcassets */ = {isa = PBXFileReference; lastKnownFileType = folder.assetcatalog; path = Assets.xcassets; sourceTree = "<group>"; };
		F1DB6CE329423BDD0000A3DD /* Preview Assets.xcassets */ = {isa = PBXFileReference; lastKnownFileType = folder.assetcatalog; path = "Preview Assets.xcassets"; sourceTree = "<group>"; };
		F1DB6CE829423BDD0000A3DD /* Taskit.xcdatamodel */ = {isa = PBXFileReference; lastKnownFileType = wrapper.xcdatamodel; path = Taskit.xcdatamodel; sourceTree = "<group>"; };
/* End PBXFileReference section */

/* Begin PBXFrameworksBuildPhase section */
		F1DB6CD629423BDC0000A3DD /* Frameworks */ = {
			isa = PBXFrameworksBuildPhase;
			buildActionMask = 2147483647;
			files = (
				F15862E729457B75008949C8 /* FirebaseInAppMessaging-Beta in Frameworks */,
				F15862D929457B75008949C8 /* FirebaseDatabaseSwift in Frameworks */,
				F15862E929457B75008949C8 /* FirebaseInAppMessagingSwift-Beta in Frameworks */,
				F15862D729457B75008949C8 /* FirebaseDatabase in Frameworks */,
				F15862CF29457B75008949C8 /* FirebaseAnalytics in Frameworks */,
				F15862ED29457B75008949C8 /* FirebaseStorage in Frameworks */,
				F15862EF29457B75008949C8 /* FirebaseStorageCombine-Community in Frameworks */,
				F15862DF29457B75008949C8 /* FirebaseFirestoreCombine-Community in Frameworks */,
				F15862D329457B75008949C8 /* FirebaseAuth in Frameworks */,
				F15862E129457B75008949C8 /* FirebaseFirestoreSwift in Frameworks */,
				F15862D129457B75008949C8 /* FirebaseAnalyticsOnDeviceConversion in Frameworks */,
				F15862DD29457B75008949C8 /* FirebaseFirestore in Frameworks */,
				F15862DB29457B75008949C8 /* FirebaseDynamicLinks in Frameworks */,
				F15862E329457B75008949C8 /* FirebaseFunctions in Frameworks */,
				F15862EB29457B75008949C8 /* FirebaseMessaging in Frameworks */,
				F15862D529457B75008949C8 /* FirebaseAuthCombine-Community in Frameworks */,
				F15862E529457B75008949C8 /* FirebaseFunctionsCombine-Community in Frameworks */,
			);
			runOnlyForDeploymentPostprocessing = 0;
		};
/* End PBXFrameworksBuildPhase section */

/* Begin PBXGroup section */
		F1DB6CD029423BDC0000A3DD = {
			isa = PBXGroup;
			children = (
				F1DB6CDB29423BDC0000A3DD /* Taskit */,
				F1DB6CDA29423BDC0000A3DD /* Products */,
			);
			sourceTree = "<group>";
		};
		F1DB6CDA29423BDC0000A3DD /* Products */ = {
			isa = PBXGroup;
			children = (
				F1DB6CD929423BDC0000A3DD /* Taskit.app */,
			);
			name = Products;
			sourceTree = "<group>";
		};
		F1DB6CDB29423BDC0000A3DD /* Taskit */ = {
			isa = PBXGroup;
			children = (
				F109B545294B74BA00107BB0 /* GoogleService-Info.plist */,
				F109B547294B759D00107BB0 /* Persistence.swift */,
				F1DB6CDC29423BDC0000A3DD /* TaskitApp.swift */,
				F1DB6CE029423BDD0000A3DD /* Assets.xcassets */,
				F1DB6CE729423BDD0000A3DD /* Taskit.xcdatamodeld */,
				F1DB6CE229423BDD0000A3DD /* Preview Content */,
				F109B549294B768300107BB0 /* SwiftUIView.swift */,
			);
			path = Taskit;
			sourceTree = "<group>";
		};
		F1DB6CE229423BDD0000A3DD /* Preview Content */ = {
			isa = PBXGroup;
			children = (
				F1DB6CE329423BDD0000A3DD /* Preview Assets.xcassets */,
			);
			path = "Preview Content";
			sourceTree = "<group>";
		};
/* End PBXGroup section */

/* Begin PBXNativeTarget section */
		F1DB6CD829423BDC0000A3DD /* Taskit */ = {
			isa = PBXNativeTarget;
			buildConfigurationList = F1DB6CEC29423BDD0000A3DD /* Build configuration list for PBXNativeTarget "Taskit" */;
			buildPhases = (
				F1DB6CD529423BDC0000A3DD /* Sources */,
				F1DB6CD629423BDC0000A3DD /* Frameworks */,
				F1DB6CD729423BDC0000A3DD /* Resources */,
			);
			buildRules = (
			);
			dependencies = (
			);
			name = Taskit;
			packageProductDependencies = (
				F15862CE29457B75008949C8 /* FirebaseAnalytics */,
				F15862D029457B75008949C8 /* FirebaseAnalyticsOnDeviceConversion */,
				F15862D229457B75008949C8 /* FirebaseAuth */,
				F15862D429457B75008949C8 /* FirebaseAuthCombine-Community */,
				F15862D629457B75008949C8 /* FirebaseDatabase */,
				F15862D829457B75008949C8 /* FirebaseDatabaseSwift */,
				F15862DA29457B75008949C8 /* FirebaseDynamicLinks */,
				F15862DC29457B75008949C8 /* FirebaseFirestore */,
				F15862DE29457B75008949C8 /* FirebaseFirestoreCombine-Community */,
				F15862E029457B75008949C8 /* FirebaseFirestoreSwift */,
				F15862E229457B75008949C8 /* FirebaseFunctions */,
				F15862E429457B75008949C8 /* FirebaseFunctionsCombine-Community */,
				F15862E629457B75008949C8 /* FirebaseInAppMessaging-Beta */,
				F15862E829457B75008949C8 /* FirebaseInAppMessagingSwift-Beta */,
				F15862EA29457B75008949C8 /* FirebaseMessaging */,
				F15862EC29457B75008949C8 /* FirebaseStorage */,
				F15862EE29457B75008949C8 /* FirebaseStorageCombine-Community */,
			);
			productName = Taskit;
			productReference = F1DB6CD929423BDC0000A3DD /* Taskit.app */;
			productType = "com.apple.product-type.application";
		};
/* End PBXNativeTarget section */

/* Begin PBXProject section */
		F1DB6CD129423BDC0000A3DD /* Project object */ = {
			isa = PBXProject;
			attributes = {
				BuildIndependentTargetsInParallel = 1;
				LastSwiftUpdateCheck = 1410;
				LastUpgradeCheck = 1410;
				TargetAttributes = {
					F1DB6CD829423BDC0000A3DD = {
						CreatedOnToolsVersion = 14.1;
					};
				};
			};
			buildConfigurationList = F1DB6CD429423BDC0000A3DD /* Build configuration list for PBXProject "Taskit" */;
			compatibilityVersion = "Xcode 14.0";
			developmentRegion = en;
			hasScannedForEncodings = 0;
			knownRegions = (
				en,
				Base,
			);
			mainGroup = F1DB6CD029423BDC0000A3DD;
			packageReferences = (
				F15862CD29457B75008949C8 /* XCRemoteSwiftPackageReference "firebase-ios-sdk" */,
			);
			productRefGroup = F1DB6CDA29423BDC0000A3DD /* Products */;
			projectDirPath = "";
			projectRoot = "";
			targets = (
				F1DB6CD829423BDC0000A3DD /* Taskit */,
			);
		};
/* End PBXProject section */

/* Begin PBXResourcesBuildPhase section */
		F1DB6CD729423BDC0000A3DD /* Resources */ = {
			isa = PBXResourcesBuildPhase;
			buildActionMask = 2147483647;
			files = (
				F1DB6CE429423BDD0000A3DD /* Preview Assets.xcassets in Resources */,
				F1DB6CE129423BDD0000A3DD /* Assets.xcassets in Resources */,
				F109B546294B74BA00107BB0 /* GoogleService-Info.plist in Resources */,
			);
			runOnlyForDeploymentPostprocessing = 0;
		};
/* End PBXResourcesBuildPhase section */

/* Begin PBXSourcesBuildPhase section */
		F1DB6CD529423BDC0000A3DD /* Sources */ = {
			isa = PBXSourcesBuildPhase;
			buildActionMask = 2147483647;
			files = (
				F109B548294B759D00107BB0 /* Persistence.swift in Sources */,
				F1DB6CDD29423BDC0000A3DD /* TaskitApp.swift in Sources */,
				F1DB6CE929423BDD0000A3DD /* Taskit.xcdatamodeld in Sources */,
				F109B54A294B768300107BB0 /* SwiftUIView.swift in Sources */,
			);
			runOnlyForDeploymentPostprocessing = 0;
		};
/* End PBXSourcesBuildPhase section */

/* Begin XCBuildConfiguration section */
		F1DB6CEA29423BDD0000A3DD /* Debug */ = {
			isa = XCBuildConfiguration;
			buildSettings = {
				ALWAYS_SEARCH_USER_PATHS = NO;
				CLANG_ANALYZER_NONNULL = YES;
				CLANG_ANALYZER_NUMBER_OBJECT_CONVERSION = YES_AGGRESSIVE;
				CLANG_CXX_LANGUAGE_STANDARD = "gnu++20";
				CLANG_ENABLE_MODULES = YES;
				CLANG_ENABLE_OBJC_ARC = YES;
				CLANG_ENABLE_OBJC_WEAK = YES;
				CLANG_WARN_BLOCK_CAPTURE_AUTORELEASING = YES;
				CLANG_WARN_BOOL_CONVERSION = YES;
				CLANG_WARN_COMMA = YES;
				CLANG_WARN_CONSTANT_CONVERSION = YES;
				CLANG_WARN_DEPRECATED_OBJC_IMPLEMENTATIONS = YES;
				CLANG_WARN_DIRECT_OBJC_ISA_USAGE = YES_ERROR;
				CLANG_WARN_DOCUMENTATION_COMMENTS = YES;
				CLANG_WARN_EMPTY_BODY = YES;
				CLANG_WARN_ENUM_CONVERSION = YES;
				CLANG_WARN_INFINITE_RECURSION = YES;
				CLANG_WARN_INT_CONVERSION = YES;
				CLANG_WARN_NON_LITERAL_NULL_CONVERSION = YES;
				CLANG_WARN_OBJC_IMPLICIT_RETAIN_SELF = YES;
				CLANG_WARN_OBJC_LITERAL_CONVERSION = YES;
				CLANG_WARN_OBJC_ROOT_CLASS = YES_ERROR;
				CLANG_WARN_QUOTED_INCLUDE_IN_FRAMEWORK_HEADER = YES;
				CLANG_WARN_RANGE_LOOP_ANALYSIS = YES;
				CLANG_WARN_STRICT_PROTOTYPES = YES;
				CLANG_WARN_SUSPICIOUS_MOVE = YES;
				CLANG_WARN_UNGUARDED_AVAILABILITY = YES_AGGRESSIVE;
				CLANG_WARN_UNREACHABLE_CODE = YES;
				CLANG_WARN__DUPLICATE_METHOD_MATCH = YES;
				COPY_PHASE_STRIP = NO;
				DEBUG_INFORMATION_FORMAT = dwarf;
				ENABLE_STRICT_OBJC_MSGSEND = YES;
				ENABLE_TESTABILITY = YES;
				GCC_C_LANGUAGE_STANDARD = gnu11;
				GCC_DYNAMIC_NO_PIC = NO;
				GCC_NO_COMMON_BLOCKS = YES;
				GCC_OPTIMIZATION_LEVEL = 0;
				GCC_PREPROCESSOR_DEFINITIONS = (
					"DEBUG=1",
					"$(inherited)",
				);
				GCC_WARN_64_TO_32_BIT_CONVERSION = YES;
				GCC_WARN_ABOUT_RETURN_TYPE = YES_ERROR;
				GCC_WARN_UNDECLARED_SELECTOR = YES;
				GCC_WARN_UNINITIALIZED_AUTOS = YES_AGGRESSIVE;
				GCC_WARN_UNUSED_FUNCTION = YES;
				GCC_WARN_UNUSED_VARIABLE = YES;
				IPHONEOS_DEPLOYMENT_TARGET = 16.1;
				MTL_ENABLE_DEBUG_INFO = INCLUDE_SOURCE;
				MTL_FAST_MATH = YES;
				ONLY_ACTIVE_ARCH = YES;
				SDKROOT = iphoneos;
				SWIFT_ACTIVE_COMPILATION_CONDITIONS = DEBUG;
				SWIFT_OPTIMIZATION_LEVEL = "-Onone";
			};
			name = Debug;
		};
		F1DB6CEB29423BDD0000A3DD /* Release */ = {
			isa = XCBuildConfiguration;
			buildSettings = {
				ALWAYS_SEARCH_USER_PATHS = NO;
				CLANG_ANALYZER_NONNULL = YES;
				CLANG_ANALYZER_NUMBER_OBJECT_CONVERSION = YES_AGGRESSIVE;
				CLANG_CXX_LANGUAGE_STANDARD = "gnu++20";
				CLANG_ENABLE_MODULES = YES;
				CLANG_ENABLE_OBJC_ARC = YES;
				CLANG_ENABLE_OBJC_WEAK = YES;
				CLANG_WARN_BLOCK_CAPTURE_AUTORELEASING = YES;
				CLANG_WARN_BOOL_CONVERSION = YES;
				CLANG_WARN_COMMA = YES;
				CLANG_WARN_CONSTANT_CONVERSION = YES;
				CLANG_WARN_DEPRECATED_OBJC_IMPLEMENTATIONS = YES;
				CLANG_WARN_DIRECT_OBJC_ISA_USAGE = YES_ERROR;
				CLANG_WARN_DOCUMENTATION_COMMENTS = YES;
				CLANG_WARN_EMPTY_BODY = YES;
				CLANG_WARN_ENUM_CONVERSION = YES;
				CLANG_WARN_INFINITE_RECURSION = YES;
				CLANG_WARN_INT_CONVERSION = YES;
				CLANG_WARN_NON_LITERAL_NULL_CONVERSION = YES;
				CLANG_WARN_OBJC_IMPLICIT_RETAIN_SELF = YES;
				CLANG_WARN_OBJC_LITERAL_CONVERSION = YES;
				CLANG_WARN_OBJC_ROOT_CLASS = YES_ERROR;
				CLANG_WARN_QUOTED_INCLUDE_IN_FRAMEWORK_HEADER = YES;
				CLANG_WARN_RANGE_LOOP_ANALYSIS = YES;
				CLANG_WARN_STRICT_PROTOTYPES = YES;
				CLANG_WARN_SUSPICIOUS_MOVE = YES;
				CLANG_WARN_UNGUARDED_AVAILABILITY = YES_AGGRESSIVE;
				CLANG_WARN_UNREACHABLE_CODE = YES;
				CLANG_WARN__DUPLICATE_METHOD_MATCH = YES;
				COPY_PHASE_STRIP = NO;
				DEBUG_INFORMATION_FORMAT = "dwarf-with-dsym";
				ENABLE_NS_ASSERTIONS = NO;
				ENABLE_STRICT_OBJC_MSGSEND = YES;
				GCC_C_LANGUAGE_STANDARD = gnu11;
				GCC_NO_COMMON_BLOCKS = YES;
				GCC_WARN_64_TO_32_BIT_CONVERSION = YES;
				GCC_WARN_ABOUT_RETURN_TYPE = YES_ERROR;
				GCC_WARN_UNDECLARED_SELECTOR = YES;
				GCC_WARN_UNINITIALIZED_AUTOS = YES_AGGRESSIVE;
				GCC_WARN_UNUSED_FUNCTION = YES;
				GCC_WARN_UNUSED_VARIABLE = YES;
				IPHONEOS_DEPLOYMENT_TARGET = 16.1;
				MTL_ENABLE_DEBUG_INFO = NO;
				MTL_FAST_MATH = YES;
				SDKROOT = iphoneos;
				SWIFT_COMPILATION_MODE = wholemodule;
				SWIFT_OPTIMIZATION_LEVEL = "-O";
				VALIDATE_PRODUCT = YES;
			};
			name = Release;
		};
		F1DB6CED29423BDD0000A3DD /* Debug */ = {
			isa = XCBuildConfiguration;
			buildSettings = {
				ASSETCATALOG_COMPILER_APPICON_NAME = AppIcon;
				ASSETCATALOG_COMPILER_GLOBAL_ACCENT_COLOR_NAME = AccentColor;
				ASSETCATALOG_COMPILER_INCLUDE_ALL_APPICON_ASSETS = NO;
				CODE_SIGN_STYLE = Automatic;
				CURRENT_PROJECT_VERSION = 1;
				DEVELOPMENT_ASSET_PATHS = "\"Taskit/Preview Content\"";
				ENABLE_PREVIEWS = YES;
				GENERATE_INFOPLIST_FILE = YES;
				INFOPLIST_KEY_UIApplicationSceneManifest_Generation = YES;
				INFOPLIST_KEY_UIApplicationSupportsIndirectInputEvents = YES;
				INFOPLIST_KEY_UILaunchScreen_Generation = YES;
				INFOPLIST_KEY_UIStatusBarStyle = UIStatusBarStyleDarkContent;
				INFOPLIST_KEY_UISupportedInterfaceOrientations = "UIInterfaceOrientationLandscapeLeft UIInterfaceOrientationLandscapeRight UIInterfaceOrientationPortrait UIInterfaceOrientationPortraitUpsideDown";
				IPHONEOS_DEPLOYMENT_TARGET = 14.0;
				LD_RUNPATH_SEARCH_PATHS = (
					"$(inherited)",
					"@executable_path/Frameworks",
				);
				MARKETING_VERSION = 1.0;
				PRODUCT_BUNDLE_IDENTIFIER = "Proactiv-devs.Taskit";
				PRODUCT_NAME = "$(TARGET_NAME)";
				SWIFT_EMIT_LOC_STRINGS = YES;
				SWIFT_VERSION = 5.0;
				TARGETED_DEVICE_FAMILY = "1,2";
			};
			name = Debug;
		};
		F1DB6CEE29423BDD0000A3DD /* Release */ = {
			isa = XCBuildConfiguration;
			buildSettings = {
				ASSETCATALOG_COMPILER_APPICON_NAME = AppIcon;
				ASSETCATALOG_COMPILER_GLOBAL_ACCENT_COLOR_NAME = AccentColor;
				ASSETCATALOG_COMPILER_INCLUDE_ALL_APPICON_ASSETS = NO;
				CODE_SIGN_STYLE = Automatic;
				CURRENT_PROJECT_VERSION = 1;
				DEVELOPMENT_ASSET_PATHS = "\"Taskit/Preview Content\"";
				ENABLE_PREVIEWS = YES;
				GENERATE_INFOPLIST_FILE = YES;
				INFOPLIST_KEY_UIApplicationSceneManifest_Generation = YES;
				INFOPLIST_KEY_UIApplicationSupportsIndirectInputEvents = YES;
				INFOPLIST_KEY_UILaunchScreen_Generation = YES;
				INFOPLIST_KEY_UIStatusBarStyle = UIStatusBarStyleDarkContent;
				INFOPLIST_KEY_UISupportedInterfaceOrientations = "UIInterfaceOrientationLandscapeLeft UIInterfaceOrientationLandscapeRight UIInterfaceOrientationPortrait UIInterfaceOrientationPortraitUpsideDown";
				IPHONEOS_DEPLOYMENT_TARGET = 14.0;
				LD_RUNPATH_SEARCH_PATHS = (
					"$(inherited)",
					"@executable_path/Frameworks",
				);
				MARKETING_VERSION = 1.0;
				PRODUCT_BUNDLE_IDENTIFIER = "Proactiv-devs.Taskit";
				PRODUCT_NAME = "$(TARGET_NAME)";
				SWIFT_EMIT_LOC_STRINGS = YES;
				SWIFT_VERSION = 5.0;
				TARGETED_DEVICE_FAMILY = "1,2";
			};
			name = Release;
		};
/* End XCBuildConfiguration section */

/* Begin XCConfigurationList section */
		F1DB6CD429423BDC0000A3DD /* Build configuration list for PBXProject "Taskit" */ = {
			isa = XCConfigurationList;
			buildConfigurations = (
				F1DB6CEA29423BDD0000A3DD /* Debug */,
				F1DB6CEB29423BDD0000A3DD /* Release */,
			);
			defaultConfigurationIsVisible = 0;
			defaultConfigurationName = Release;
		};
		F1DB6CEC29423BDD0000A3DD /* Build configuration list for PBXNativeTarget "Taskit" */ = {
			isa = XCConfigurationList;
			buildConfigurations = (
				F1DB6CED29423BDD0000A3DD /* Debug */,
				F1DB6CEE29423BDD0000A3DD /* Release */,
			);
			defaultConfigurationIsVisible = 0;
			defaultConfigurationName = Release;
		};
/* End XCConfigurationList section */

/* Begin XCRemoteSwiftPackageReference section */
		F15862CD29457B75008949C8 /* XCRemoteSwiftPackageReference "firebase-ios-sdk" */ = {
			isa = XCRemoteSwiftPackageReference;
			repositoryURL = "https://github.com/firebase/firebase-ios-sdk";
			requirement = {
				kind = upToNextMajorVersion;
				minimumVersion = 9.0.0;
			};
		};
/* End XCRemoteSwiftPackageReference section */

/* Begin XCSwiftPackageProductDependency section */
		F15862CE29457B75008949C8 /* FirebaseAnalytics */ = {
			isa = XCSwiftPackageProductDependency;
			package = F15862CD29457B75008949C8 /* XCRemoteSwiftPackageReference "firebase-ios-sdk" */;
			productName = FirebaseAnalytics;
		};
		F15862D029457B75008949C8 /* FirebaseAnalyticsOnDeviceConversion */ = {
			isa = XCSwiftPackageProductDependency;
			package = F15862CD29457B75008949C8 /* XCRemoteSwiftPackageReference "firebase-ios-sdk" */;
			productName = FirebaseAnalyticsOnDeviceConversion;
		};
		F15862D229457B75008949C8 /* FirebaseAuth */ = {
			isa = XCSwiftPackageProductDependency;
			package = F15862CD29457B75008949C8 /* XCRemoteSwiftPackageReference "firebase-ios-sdk" */;
			productName = FirebaseAuth;
		};
		F15862D429457B75008949C8 /* FirebaseAuthCombine-Community */ = {
			isa = XCSwiftPackageProductDependency;
			package = F15862CD29457B75008949C8 /* XCRemoteSwiftPackageReference "firebase-ios-sdk" */;
			productName = "FirebaseAuthCombine-Community";
		};
		F15862D629457B75008949C8 /* FirebaseDatabase */ = {
			isa = XCSwiftPackageProductDependency;
			package = F15862CD29457B75008949C8 /* XCRemoteSwiftPackageReference "firebase-ios-sdk" */;
			productName = FirebaseDatabase;
		};
		F15862D829457B75008949C8 /* FirebaseDatabaseSwift */ = {
			isa = XCSwiftPackageProductDependency;
			package = F15862CD29457B75008949C8 /* XCRemoteSwiftPackageReference "firebase-ios-sdk" */;
			productName = FirebaseDatabaseSwift;
		};
		F15862DA29457B75008949C8 /* FirebaseDynamicLinks */ = {
			isa = XCSwiftPackageProductDependency;
			package = F15862CD29457B75008949C8 /* XCRemoteSwiftPackageReference "firebase-ios-sdk" */;
			productName = FirebaseDynamicLinks;
		};
		F15862DC29457B75008949C8 /* FirebaseFirestore */ = {
			isa = XCSwiftPackageProductDependency;
			package = F15862CD29457B75008949C8 /* XCRemoteSwiftPackageReference "firebase-ios-sdk" */;
			productName = FirebaseFirestore;
		};
		F15862DE29457B75008949C8 /* FirebaseFirestoreCombine-Community */ = {
			isa = XCSwiftPackageProductDependency;
			package = F15862CD29457B75008949C8 /* XCRemoteSwiftPackageReference "firebase-ios-sdk" */;
			productName = "FirebaseFirestoreCombine-Community";
		};
		F15862E029457B75008949C8 /* FirebaseFirestoreSwift */ = {
			isa = XCSwiftPackageProductDependency;
			package = F15862CD29457B75008949C8 /* XCRemoteSwiftPackageReference "firebase-ios-sdk" */;
			productName = FirebaseFirestoreSwift;
		};
		F15862E229457B75008949C8 /* FirebaseFunctions */ = {
			isa = XCSwiftPackageProductDependency;
			package = F15862CD29457B75008949C8 /* XCRemoteSwiftPackageReference "firebase-ios-sdk" */;
			productName = FirebaseFunctions;
		};
		F15862E429457B75008949C8 /* FirebaseFunctionsCombine-Community */ = {
			isa = XCSwiftPackageProductDependency;
			package = F15862CD29457B75008949C8 /* XCRemoteSwiftPackageReference "firebase-ios-sdk" */;
			productName = "FirebaseFunctionsCombine-Community";
		};
		F15862E629457B75008949C8 /* FirebaseInAppMessaging-Beta */ = {
			isa = XCSwiftPackageProductDependency;
			package = F15862CD29457B75008949C8 /* XCRemoteSwiftPackageReference "firebase-ios-sdk" */;
			productName = "FirebaseInAppMessaging-Beta";
		};
		F15862E829457B75008949C8 /* FirebaseInAppMessagingSwift-Beta */ = {
			isa = XCSwiftPackageProductDependency;
			package = F15862CD29457B75008949C8 /* XCRemoteSwiftPackageReference "firebase-ios-sdk" */;
			productName = "FirebaseInAppMessagingSwift-Beta";
		};
		F15862EA29457B75008949C8 /* FirebaseMessaging */ = {
			isa = XCSwiftPackageProductDependency;
			package = F15862CD29457B75008949C8 /* XCRemoteSwiftPackageReference "firebase-ios-sdk" */;
			productName = FirebaseMessaging;
		};
		F15862EC29457B75008949C8 /* FirebaseStorage */ = {
			isa = XCSwiftPackageProductDependency;
			package = F15862CD29457B75008949C8 /* XCRemoteSwiftPackageReference "firebase-ios-sdk" */;
			productName = FirebaseStorage;
		};
		F15862EE29457B75008949C8 /* FirebaseStorageCombine-Community */ = {
			isa = XCSwiftPackageProductDependency;
			package = F15862CD29457B75008949C8 /* XCRemoteSwiftPackageReference "firebase-ios-sdk" */;
			productName = "FirebaseStorageCombine-Community";
		};
/* End XCSwiftPackageProductDependency section */

/* Begin XCVersionGroup section */
		F1DB6CE729423BDD0000A3DD /* Taskit.xcdatamodeld */ = {
			isa = XCVersionGroup;
			children = (
				F1DB6CE829423BDD0000A3DD /* Taskit.xcdatamodel */,
			);
			currentVersion = F1DB6CE829423BDD0000A3DD /* Taskit.xcdatamodel */;
			path = Taskit.xcdatamodeld;
			sourceTree = "<group>";
			versionGroupType = wrapper.xcdatamodel;
		};
/* End XCVersionGroup section */
	};
	rootObject = F1DB6CD129423BDC0000A3DD /* Project object */;
}
